
Microsoft Visual Studio Solution File, Format Version 12.00
# Visual Studio 14
VisualStudioVersion = 14.0.25420.1
MinimumVisualStudioVersion = 10.0.40219.1
Project("{FAE04EC0-301F-11D3-BF4B-00C04F79EFBC}") = "Mobile", "Mobile\Mobile.csproj", "{542B75A2-A14E-4355-8257-78C1265BF1EE}"
EndProject
Project("{FAE04EC0-301F-11D3-BF4B-00C04F79EFBC}") = "MobileTests", "MobileTests\MobileTests.csproj", "{90FA4709-92D3-4C64-AE0C-0B70225D10D0}"
EndProject
Project("{2150E333-8FDC-42A3-9474-1A3956D46DE8}") = "Solution Items", "Solution Items", "{1A31285D-2720-4282-A80D-65CEBEC7A2E6}"
EndProject
Project("{FAE04EC0-301F-11D3-BF4B-00C04F79EFBC}") = "EqualityComparisons", "EqualityComparisons\EqualityComparisons.csproj", "{DB05B12B-E20D-44BF-9031-6FC06D21C5AA}"
EndProject
Global
	GlobalSection(SolutionConfigurationPlatforms) = preSolution
		Debug|Any CPU = Debug|Any CPU
		Release|Any CPU = Release|Any CPU
	EndGlobalSection
	GlobalSection(ProjectConfigurationPlatforms) = postSolution
		{542B75A2-A14E-4355-8257-78C1265BF1EE}.Debug|Any CPU.ActiveCfg = Debug|Any CPU
		{542B75A2-A14E-4355-8257-78C1265BF1EE}.Debug|Any CPU.Build.0 = Debug|Any CPU
		{542B75A2-A14E-4355-8257-78C1265BF1EE}.Release|Any CPU.ActiveCfg = Release|Any CPU
		{542B75A2-A14E-4355-8257-78C1265BF1EE}.Release|Any CPU.Build.0 = Release|Any CPU
		{90FA4709-92D3-4C64-AE0C-0B70225D10D0}.Debug|Any CPU.ActiveCfg = Debug|Any CPU
		{90FA4709-92D3-4C64-AE0C-0B70225D10D0}.Debug|Any CPU.Build.0 = Debug|Any CPU
		{90FA4709-92D3-4C64-AE0C-0B70225D10D0}.Release|Any CPU.ActiveCfg = Release|Any CPU
		{90FA4709-92D3-4C64-AE0C-0B70225D10D0}.Release|Any CPU.Build.0 = Release|Any CPU
		{DB05B12B-E20D-44BF-9031-6FC06D21C5AA}.Debug|Any CPU.ActiveCfg = Debug|Any CPU
		{DB05B12B-E20D-44BF-9031-6FC06D21C5AA}.Debug|Any CPU.Build.0 = Debug|Any CPU
		{DB05B12B-E20D-44BF-9031-6FC06D21C5AA}.Release|Any CPU.ActiveCfg = Release|Any CPU
		{DB05B12B-E20D-44BF-9031-6FC06D21C5AA}.Release|Any CPU.Build.0 = Release|Any CPU
	EndGlobalSection
	GlobalSection(SolutionProperties) = preSolution
		HideSolutionNode = FALSE
	EndGlobalSection
	GlobalSection(ExtensibilityGlobals) = postSolution
		SolutionGuid = {3C67A568-8B83-48FC-A999-960692CE97A7}
	EndGlobalSection
EndGlobal
